
Microsoft Visual Studio Solution File, Format Version 12.00
# Visual Studio Version 17
VisualStudioVersion = 17.2.32602.215
MinimumVisualStudioVersion = 10.0.40219.1
Project("{9A19103F-16F7-4668-BE54-9A1E7A4F7556}") = "API", "API\API.csproj", "{A1564892-5409-452D-B19D-C094FBA168BA}"
EndProject
Project("{E53339B2-1760-4266-BCC7-CA923CBCF16C}") = "docker-compose", "docker-compose.dcproj", "{144393D5-09C0-458A-88F3-AF02A69D1CAE}"
EndProject
Global
	GlobalSection(SolutionConfigurationPlatforms) = preSolution
		Debug|Any CPU = Debug|Any CPU
		Release|Any CPU = Release|Any CPU
	EndGlobalSection
	GlobalSection(ProjectConfigurationPlatforms) = postSolution
		{A1564892-5409-452D-B19D-C094FBA168BA}.Debug|Any CPU.ActiveCfg = Debug|Any CPU
		{A1564892-5409-452D-B19D-C094FBA168BA}.Debug|Any CPU.Build.0 = Debug|Any CPU
		{A1564892-5409-452D-B19D-C094FBA168BA}.Release|Any CPU.ActiveCfg = Release|Any CPU
		{A1564892-5409-452D-B19D-C094FBA168BA}.Release|Any CPU.Build.0 = Release|Any CPU
		{144393D5-09C0-458A-88F3-AF02A69D1CAE}.Debug|Any CPU.ActiveCfg = Debug|Any CPU
		{144393D5-09C0-458A-88F3-AF02A69D1CAE}.Debug|Any CPU.Build.0 = Debug|Any CPU
		{144393D5-09C0-458A-88F3-AF02A69D1CAE}.Release|Any CPU.ActiveCfg = Release|Any CPU
		{144393D5-09C0-458A-88F3-AF02A69D1CAE}.Release|Any CPU.Build.0 = Release|Any CPU
	EndGlobalSection
	GlobalSection(SolutionProperties) = preSolution
		HideSolutionNode = FALSE
	EndGlobalSection
	GlobalSection(ExtensibilityGlobals) = postSolution
		SolutionGuid = {E58FF378-9970-43A4-883D-DCA195C71F06}
	EndGlobalSection
EndGlobal
